
Microsoft Visual Studio Solution File, Format Version 12.00
# Visual Studio Version 17
VisualStudioVersion = 17.1.31911.260
MinimumVisualStudioVersion = 10.0.40219.1
Project("{FAE04EC0-301F-11D3-BF4B-00C04F79EFBC}") = "VsIGBookWeb", "VsIGBookWeb\VsIGBookWeb.csproj", "{1CCB799F-3BAA-490F-948A-5D14604BCDF4}"
EndProject
Global
	GlobalSection(SolutionConfigurationPlatforms) = preSolution
		Debug|Any CPU = Debug|Any CPU
		Release|Any CPU = Release|Any CPU
	EndGlobalSection
	GlobalSection(ProjectConfigurationPlatforms) = postSolution
		{1CCB799F-3BAA-490F-948A-5D14604BCDF4}.Debug|Any CPU.ActiveCfg = Debug|Any CPU
		{1CCB799F-3BAA-490F-948A-5D14604BCDF4}.Debug|Any CPU.Build.0 = Debug|Any CPU
		{1CCB799F-3BAA-490F-948A-5D14604BCDF4}.Release|Any CPU.ActiveCfg = Release|Any CPU
		{1CCB799F-3BAA-490F-948A-5D14604BCDF4}.Release|Any CPU.Build.0 = Release|Any CPU
	EndGlobalSection
	GlobalSection(SolutionProperties) = preSolution
		HideSolutionNode = FALSE
	EndGlobalSection
	GlobalSection(ExtensibilityGlobals) = postSolution
		SolutionGuid = {70AB8B2B-94DA-4BB1-ABBC-8D7F98238074}
	EndGlobalSection
EndGlobal
